// !$*UTF8*$!
{
	archiveVersion = 1;
	classes = {
	};
	objectVersion = 46;
	objects = {

/* Begin PBXBuildFile section */
		560E83B81B88D7BC001B0B8C /* TabBarController.swift in Sources */ = {isa = PBXBuildFile; fileRef = 560E83B71B88D7BC001B0B8C /* TabBarController.swift */; };
		560E83BA1B8CC218001B0B8C /* NetworkManager.swift in Sources */ = {isa = PBXBuildFile; fileRef = 560E83B91B8CC218001B0B8C /* NetworkManager.swift */; };
		5660CF051B908849001689FE /* PostCell.swift in Sources */ = {isa = PBXBuildFile; fileRef = 5660CF031B908849001689FE /* PostCell.swift */; };
		5660CF061B908849001689FE /* PostCell.xib in Resources */ = {isa = PBXBuildFile; fileRef = 5660CF041B908849001689FE /* PostCell.xib */; };
		5660CF081B911399001689FE /* NSDate+Extensions.swift in Sources */ = {isa = PBXBuildFile; fileRef = 5660CF071B911399001689FE /* NSDate+Extensions.swift */; };
		566A61681B86ADC800BED4E3 /* AppDelegate.swift in Sources */ = {isa = PBXBuildFile; fileRef = 566A61671B86ADC800BED4E3 /* AppDelegate.swift */; };
		566A616F1B86ADC800BED4E3 /* Images.xcassets in Resources */ = {isa = PBXBuildFile; fileRef = 566A616E1B86ADC800BED4E3 /* Images.xcassets */; };
		566A61721B86ADC900BED4E3 /* LaunchScreen.xib in Resources */ = {isa = PBXBuildFile; fileRef = 566A61701B86ADC900BED4E3 /* LaunchScreen.xib */; };
		566A617E1B86ADC900BED4E3 /* InstaCloneTests.swift in Sources */ = {isa = PBXBuildFile; fileRef = 566A617D1B86ADC900BED4E3 /* InstaCloneTests.swift */; };
		567114D31B877252009EBD3E /* Parse.framework in Frameworks */ = {isa = PBXBuildFile; fileRef = 567114D11B877252009EBD3E /* Parse.framework */; };
		567114D71B877357009EBD3E /* Bolts.framework in Frameworks */ = {isa = PBXBuildFile; fileRef = 567114D61B877357009EBD3E /* Bolts.framework */; };
		567114D91B877394009EBD3E /* AudioToolbox.framework in Frameworks */ = {isa = PBXBuildFile; fileRef = 567114D81B877394009EBD3E /* AudioToolbox.framework */; };
		567114DB1B87739A009EBD3E /* CFNetwork.framework in Frameworks */ = {isa = PBXBuildFile; fileRef = 567114DA1B87739A009EBD3E /* CFNetwork.framework */; };
		567114DD1B8773A1009EBD3E /* CoreLocation.framework in Frameworks */ = {isa = PBXBuildFile; fileRef = 567114DC1B8773A1009EBD3E /* CoreLocation.framework */; };
		567114DF1B8773A9009EBD3E /* QuartzCore.framework in Frameworks */ = {isa = PBXBuildFile; fileRef = 567114DE1B8773A9009EBD3E /* QuartzCore.framework */; };
		567114E11B8773B1009EBD3E /* Security.framework in Frameworks */ = {isa = PBXBuildFile; fileRef = 567114E01B8773B1009EBD3E /* Security.framework */; };
		567114E31B8773B7009EBD3E /* StoreKit.framework in Frameworks */ = {isa = PBXBuildFile; fileRef = 567114E21B8773B7009EBD3E /* StoreKit.framework */; };
		567114E51B8773BE009EBD3E /* SystemConfiguration.framework in Frameworks */ = {isa = PBXBuildFile; fileRef = 567114E41B8773BE009EBD3E /* SystemConfiguration.framework */; };
		567114E71B8773CB009EBD3E /* libz.dylib in Frameworks */ = {isa = PBXBuildFile; fileRef = 567114E61B8773CB009EBD3E /* libz.dylib */; };
		567114E91B8773D6009EBD3E /* libsqlite3.dylib in Frameworks */ = {isa = PBXBuildFile; fileRef = 567114E81B8773D6009EBD3E /* libsqlite3.dylib */; };
		567114EC1B877E97009EBD3E /* StartViewController.swift in Sources */ = {isa = PBXBuildFile; fileRef = 567114EA1B877E97009EBD3E /* StartViewController.swift */; };
		567114ED1B877E97009EBD3E /* StartViewController.xib in Resources */ = {isa = PBXBuildFile; fileRef = 567114EB1B877E97009EBD3E /* StartViewController.xib */; };
		567114F11B878BC2009EBD3E /* AuthViewController.swift in Sources */ = {isa = PBXBuildFile; fileRef = 567114EF1B878BC2009EBD3E /* AuthViewController.swift */; };
		567114F21B878BC2009EBD3E /* AuthViewController.xib in Resources */ = {isa = PBXBuildFile; fileRef = 567114F01B878BC2009EBD3E /* AuthViewController.xib */; };
		568848991B8CC68500D8682D /* FeedViewController.swift in Sources */ = {isa = PBXBuildFile; fileRef = 568848971B8CC68500D8682D /* FeedViewController.swift */; };
		5688489A1B8CC68500D8682D /* FeedViewController.xib in Resources */ = {isa = PBXBuildFile; fileRef = 568848981B8CC68500D8682D /* FeedViewController.xib */; };
		56E35FD51B87EF5F00D283DC /* String+Extensions.swift in Sources */ = {isa = PBXBuildFile; fileRef = 56E35FD41B87EF5F00D283DC /* String+Extensions.swift */; };
/* End PBXBuildFile section */

/* Begin PBXContainerItemProxy section */
		566A61781B86ADC900BED4E3 /* PBXContainerItemProxy */ = {
			isa = PBXContainerItemProxy;
			containerPortal = 566A615A1B86ADC800BED4E3 /* Project object */;
			proxyType = 1;
			remoteGlobalIDString = 566A61611B86ADC800BED4E3;
			remoteInfo = InstaClone;
		};
/* End PBXContainerItemProxy section */

/* Begin PBXFileReference section */
		560E83B41B88CC09001B0B8C /* InstaClone-Bridging-Header.h */ = {isa = PBXFileReference; lastKnownFileType = sourcecode.c.h; path = "InstaClone-Bridging-Header.h"; sourceTree = "<group>"; };
		560E83B71B88D7BC001B0B8C /* TabBarController.swift */ = {isa = PBXFileReference; fileEncoding = 4; lastKnownFileType = sourcecode.swift; path = TabBarController.swift; sourceTree = "<group>"; };
		560E83B91B8CC218001B0B8C /* NetworkManager.swift */ = {isa = PBXFileReference; fileEncoding = 4; lastKnownFileType = sourcecode.swift; path = NetworkManager.swift; sourceTree = "<group>"; };
		5660CF031B908849001689FE /* PostCell.swift */ = {isa = PBXFileReference; fileEncoding = 4; lastKnownFileType = sourcecode.swift; path = PostCell.swift; sourceTree = "<group>"; };
		5660CF041B908849001689FE /* PostCell.xib */ = {isa = PBXFileReference; fileEncoding = 4; lastKnownFileType = file.xib; path = PostCell.xib; sourceTree = "<group>"; };
		5660CF071B911399001689FE /* NSDate+Extensions.swift */ = {isa = PBXFileReference; fileEncoding = 4; lastKnownFileType = sourcecode.swift; path = "NSDate+Extensions.swift"; sourceTree = "<group>"; };
		566A61621B86ADC800BED4E3 /* InstaClone.app */ = {isa = PBXFileReference; explicitFileType = wrapper.application; includeInIndex = 0; path = InstaClone.app; sourceTree = BUILT_PRODUCTS_DIR; };
		566A61661B86ADC800BED4E3 /* Info.plist */ = {isa = PBXFileReference; lastKnownFileType = text.plist.xml; path = Info.plist; sourceTree = "<group>"; };
		566A61671B86ADC800BED4E3 /* AppDelegate.swift */ = {isa = PBXFileReference; lastKnownFileType = sourcecode.swift; path = AppDelegate.swift; sourceTree = "<group>"; };
		566A616E1B86ADC800BED4E3 /* Images.xcassets */ = {isa = PBXFileReference; lastKnownFileType = folder.assetcatalog; name = Images.xcassets; path = InstaClone/Images.xcassets; sourceTree = "<group>"; };
		566A61711B86ADC900BED4E3 /* Base */ = {isa = PBXFileReference; lastKnownFileType = file.xib; name = Base; path = Base.lproj/LaunchScreen.xib; sourceTree = "<group>"; };
		566A61771B86ADC900BED4E3 /* InstaCloneTests.xctest */ = {isa = PBXFileReference; explicitFileType = wrapper.cfbundle; includeInIndex = 0; path = InstaCloneTests.xctest; sourceTree = BUILT_PRODUCTS_DIR; };
		566A617C1B86ADC900BED4E3 /* Info.plist */ = {isa = PBXFileReference; lastKnownFileType = text.plist.xml; path = Info.plist; sourceTree = "<group>"; };
		566A617D1B86ADC900BED4E3 /* InstaCloneTests.swift */ = {isa = PBXFileReference; lastKnownFileType = sourcecode.swift; path = InstaCloneTests.swift; sourceTree = "<group>"; };
		567114D11B877252009EBD3E /* Parse.framework */ = {isa = PBXFileReference; lastKnownFileType = wrapper.framework; name = Parse.framework; path = "../parse-library-1.8.1/Parse.framework"; sourceTree = "<group>"; };
		567114D61B877357009EBD3E /* Bolts.framework */ = {isa = PBXFileReference; lastKnownFileType = wrapper.framework; name = Bolts.framework; path = "../parse-library-1.8.1/Bolts.framework"; sourceTree = "<group>"; };
		567114D81B877394009EBD3E /* AudioToolbox.framework */ = {isa = PBXFileReference; lastKnownFileType = wrapper.framework; name = AudioToolbox.framework; path = System/Library/Frameworks/AudioToolbox.framework; sourceTree = SDKROOT; };
		567114DA1B87739A009EBD3E /* CFNetwork.framework */ = {isa = PBXFileReference; lastKnownFileType = wrapper.framework; name = CFNetwork.framework; path = System/Library/Frameworks/CFNetwork.framework; sourceTree = SDKROOT; };
		567114DC1B8773A1009EBD3E /* CoreLocation.framework */ = {isa = PBXFileReference; lastKnownFileType = wrapper.framework; name = CoreLocation.framework; path = System/Library/Frameworks/CoreLocation.framework; sourceTree = SDKROOT; };
		567114DE1B8773A9009EBD3E /* QuartzCore.framework */ = {isa = PBXFileReference; lastKnownFileType = wrapper.framework; name = QuartzCore.framework; path = System/Library/Frameworks/QuartzCore.framework; sourceTree = SDKROOT; };
		567114E01B8773B1009EBD3E /* Security.framework */ = {isa = PBXFileReference; lastKnownFileType = wrapper.framework; name = Security.framework; path = System/Library/Frameworks/Security.framework; sourceTree = SDKROOT; };
		567114E21B8773B7009EBD3E /* StoreKit.framework */ = {isa = PBXFileReference; lastKnownFileType = wrapper.framework; name = StoreKit.framework; path = System/Library/Frameworks/StoreKit.framework; sourceTree = SDKROOT; };
		567114E41B8773BE009EBD3E /* SystemConfiguration.framework */ = {isa = PBXFileReference; lastKnownFileType = wrapper.framework; name = SystemConfiguration.framework; path = System/Library/Frameworks/SystemConfiguration.framework; sourceTree = SDKROOT; };
		567114E61B8773CB009EBD3E /* libz.dylib */ = {isa = PBXFileReference; lastKnownFileType = "compiled.mach-o.dylib"; name = libz.dylib; path = usr/lib/libz.dylib; sourceTree = SDKROOT; };
		567114E81B8773D6009EBD3E /* libsqlite3.dylib */ = {isa = PBXFileReference; lastKnownFileType = "compiled.mach-o.dylib"; name = libsqlite3.dylib; path = usr/lib/libsqlite3.dylib; sourceTree = SDKROOT; };
		567114EA1B877E97009EBD3E /* StartViewController.swift */ = {isa = PBXFileReference; fileEncoding = 4; lastKnownFileType = sourcecode.swift; path = StartViewController.swift; sourceTree = "<group>"; };
		567114EB1B877E97009EBD3E /* StartViewController.xib */ = {isa = PBXFileReference; fileEncoding = 4; lastKnownFileType = file.xib; path = StartViewController.xib; sourceTree = "<group>"; };
		567114EF1B878BC2009EBD3E /* AuthViewController.swift */ = {isa = PBXFileReference; fileEncoding = 4; lastKnownFileType = sourcecode.swift; path = AuthViewController.swift; sourceTree = "<group>"; };
		567114F01B878BC2009EBD3E /* AuthViewController.xib */ = {isa = PBXFileReference; fileEncoding = 4; lastKnownFileType = file.xib; path = AuthViewController.xib; sourceTree = "<group>"; };
		568848971B8CC68500D8682D /* FeedViewController.swift */ = {isa = PBXFileReference; fileEncoding = 4; lastKnownFileType = sourcecode.swift; path = FeedViewController.swift; sourceTree = "<group>"; };
		568848981B8CC68500D8682D /* FeedViewController.xib */ = {isa = PBXFileReference; fileEncoding = 4; lastKnownFileType = file.xib; path = FeedViewController.xib; sourceTree = "<group>"; };
		56E35FD41B87EF5F00D283DC /* String+Extensions.swift */ = {isa = PBXFileReference; fileEncoding = 4; lastKnownFileType = sourcecode.swift; path = "String+Extensions.swift"; sourceTree = "<group>"; };
/* End PBXFileReference section */

/* Begin PBXFrameworksBuildPhase section */
		566A615F1B86ADC800BED4E3 /* Frameworks */ = {
			isa = PBXFrameworksBuildPhase;
			buildActionMask = 2147483647;
			files = (
				567114E91B8773D6009EBD3E /* libsqlite3.dylib in Frameworks */,
				567114E71B8773CB009EBD3E /* libz.dylib in Frameworks */,
				567114E51B8773BE009EBD3E /* SystemConfiguration.framework in Frameworks */,
				567114E31B8773B7009EBD3E /* StoreKit.framework in Frameworks */,
				567114E11B8773B1009EBD3E /* Security.framework in Frameworks */,
				567114DF1B8773A9009EBD3E /* QuartzCore.framework in Frameworks */,
				567114DD1B8773A1009EBD3E /* CoreLocation.framework in Frameworks */,
				567114DB1B87739A009EBD3E /* CFNetwork.framework in Frameworks */,
				567114D91B877394009EBD3E /* AudioToolbox.framework in Frameworks */,
				567114D71B877357009EBD3E /* Bolts.framework in Frameworks */,
				567114D31B877252009EBD3E /* Parse.framework in Frameworks */,
			);
			runOnlyForDeploymentPostprocessing = 0;
		};
		566A61741B86ADC900BED4E3 /* Frameworks */ = {
			isa = PBXFrameworksBuildPhase;
			buildActionMask = 2147483647;
			files = (
			);
			runOnlyForDeploymentPostprocessing = 0;
		};
/* End PBXFrameworksBuildPhase section */

/* Begin PBXGroup section */
		566A61591B86ADC800BED4E3 = {
			isa = PBXGroup;
			children = (
				566A61641B86ADC800BED4E3 /* InstaClone */,
				566A616E1B86ADC800BED4E3 /* Images.xcassets */,
				566A61701B86ADC900BED4E3 /* LaunchScreen.xib */,
				566A617A1B86ADC900BED4E3 /* InstaCloneTests */,
				566A61631B86ADC800BED4E3 /* Products */,
			);
			sourceTree = "<group>";
		};
		566A61631B86ADC800BED4E3 /* Products */ = {
			isa = PBXGroup;
			children = (
				566A61621B86ADC800BED4E3 /* InstaClone.app */,
				566A61771B86ADC900BED4E3 /* InstaCloneTests.xctest */,
			);
			name = Products;
			sourceTree = "<group>";
		};
		566A61641B86ADC800BED4E3 /* InstaClone */ = {
			isa = PBXGroup;
			children = (
				566A61671B86ADC800BED4E3 /* AppDelegate.swift */,
				560E83B91B8CC218001B0B8C /* NetworkManager.swift */,
				567114F31B878BD2009EBD3E /* ViewControllers */,
				567114EE1B877EA7009EBD3E /* Frameworks */,
				56E35FD31B87EF0F00D283DC /* Extensions */,
				566A61651B86ADC800BED4E3 /* Supporting Files */,
				560E83B41B88CC09001B0B8C /* InstaClone-Bridging-Header.h */,
			);
			path = InstaClone;
			sourceTree = "<group>";
		};
		566A61651B86ADC800BED4E3 /* Supporting Files */ = {
			isa = PBXGroup;
			children = (
				566A61661B86ADC800BED4E3 /* Info.plist */,
			);
			name = "Supporting Files";
			sourceTree = "<group>";
		};
		566A617A1B86ADC900BED4E3 /* InstaCloneTests */ = {
			isa = PBXGroup;
			children = (
				566A617D1B86ADC900BED4E3 /* InstaCloneTests.swift */,
				566A617B1B86ADC900BED4E3 /* Supporting Files */,
			);
			path = InstaCloneTests;
			sourceTree = "<group>";
		};
		566A617B1B86ADC900BED4E3 /* Supporting Files */ = {
			isa = PBXGroup;
			children = (
				566A617C1B86ADC900BED4E3 /* Info.plist */,
			);
			name = "Supporting Files";
			sourceTree = "<group>";
		};
		567114EE1B877EA7009EBD3E /* Frameworks */ = {
			isa = PBXGroup;
			children = (
				567114E81B8773D6009EBD3E /* libsqlite3.dylib */,
				567114E61B8773CB009EBD3E /* libz.dylib */,
				567114E41B8773BE009EBD3E /* SystemConfiguration.framework */,
				567114E21B8773B7009EBD3E /* StoreKit.framework */,
				567114E01B8773B1009EBD3E /* Security.framework */,
				567114DE1B8773A9009EBD3E /* QuartzCore.framework */,
				567114DC1B8773A1009EBD3E /* CoreLocation.framework */,
				567114DA1B87739A009EBD3E /* CFNetwork.framework */,
				567114D81B877394009EBD3E /* AudioToolbox.framework */,
				567114D61B877357009EBD3E /* Bolts.framework */,
				567114D11B877252009EBD3E /* Parse.framework */,
			);
			name = Frameworks;
			path = ..;
			sourceTree = "<group>";
		};
		567114F31B878BD2009EBD3E /* ViewControllers */ = {
			isa = PBXGroup;
			children = (
				567114EA1B877E97009EBD3E /* StartViewController.swift */,
				567114EB1B877E97009EBD3E /* StartViewController.xib */,
				567114EF1B878BC2009EBD3E /* AuthViewController.swift */,
				567114F01B878BC2009EBD3E /* AuthViewController.xib */,
				560E83B71B88D7BC001B0B8C /* TabBarController.swift */,
				568848981B8CC68500D8682D /* FeedViewController.xib */,
				568848971B8CC68500D8682D /* FeedViewController.swift */,
				5660CF031B908849001689FE /* PostCell.swift */,
				5660CF041B908849001689FE /* PostCell.xib */,
			);
			name = ViewControllers;
			sourceTree = "<group>";
		};
		56E35FD31B87EF0F00D283DC /* Extensions */ = {
			isa = PBXGroup;
			children = (
				56E35FD41B87EF5F00D283DC /* String+Extensions.swift */,
				5660CF071B911399001689FE /* NSDate+Extensions.swift */,
			);
			name = Extensions;
			sourceTree = "<group>";
		};
/* End PBXGroup section */

/* Begin PBXNativeTarget section */
		566A61611B86ADC800BED4E3 /* InstaClone */ = {
			isa = PBXNativeTarget;
			buildConfigurationList = 566A61811B86ADC900BED4E3 /* Build configuration list for PBXNativeTarget "InstaClone" */;
			buildPhases = (
				566A615E1B86ADC800BED4E3 /* Sources */,
				566A615F1B86ADC800BED4E3 /* Frameworks */,
				566A61601B86ADC800BED4E3 /* Resources */,
			);
			buildRules = (
			);
			dependencies = (
			);
			name = InstaClone;
			productName = InstaClone;
			productReference = 566A61621B86ADC800BED4E3 /* InstaClone.app */;
			productType = "com.apple.product-type.application";
		};
		566A61761B86ADC900BED4E3 /* InstaCloneTests */ = {
			isa = PBXNativeTarget;
			buildConfigurationList = 566A61841B86ADC900BED4E3 /* Build configuration list for PBXNativeTarget "InstaCloneTests" */;
			buildPhases = (
				566A61731B86ADC900BED4E3 /* Sources */,
				566A61741B86ADC900BED4E3 /* Frameworks */,
				566A61751B86ADC900BED4E3 /* Resources */,
			);
			buildRules = (
			);
			dependencies = (
				566A61791B86ADC900BED4E3 /* PBXTargetDependency */,
			);
			name = InstaCloneTests;
			productName = InstaCloneTests;
			productReference = 566A61771B86ADC900BED4E3 /* InstaCloneTests.xctest */;
			productType = "com.apple.product-type.bundle.unit-test";
		};
/* End PBXNativeTarget section */

/* Begin PBXProject section */
		566A615A1B86ADC800BED4E3 /* Project object */ = {
			isa = PBXProject;
			attributes = {
				LastUpgradeCheck = 0640;
				ORGANIZATIONNAME = "Cassio Kawakita";
				TargetAttributes = {
					566A61611B86ADC800BED4E3 = {
						CreatedOnToolsVersion = 6.4;
					};
					566A61761B86ADC900BED4E3 = {
						CreatedOnToolsVersion = 6.4;
						TestTargetID = 566A61611B86ADC800BED4E3;
					};
				};
			};
			buildConfigurationList = 566A615D1B86ADC800BED4E3 /* Build configuration list for PBXProject "InstaClone" */;
			compatibilityVersion = "Xcode 3.2";
			developmentRegion = English;
			hasScannedForEncodings = 0;
			knownRegions = (
				en,
				Base,
			);
			mainGroup = 566A61591B86ADC800BED4E3;
			productRefGroup = 566A61631B86ADC800BED4E3 /* Products */;
			projectDirPath = "";
			projectRoot = "";
			targets = (
				566A61611B86ADC800BED4E3 /* InstaClone */,
				566A61761B86ADC900BED4E3 /* InstaCloneTests */,
			);
		};
/* End PBXProject section */

/* Begin PBXResourcesBuildPhase section */
		566A61601B86ADC800BED4E3 /* Resources */ = {
			isa = PBXResourcesBuildPhase;
			buildActionMask = 2147483647;
			files = (
				567114F21B878BC2009EBD3E /* AuthViewController.xib in Resources */,
				5660CF061B908849001689FE /* PostCell.xib in Resources */,
				5688489A1B8CC68500D8682D /* FeedViewController.xib in Resources */,
				566A61721B86ADC900BED4E3 /* LaunchScreen.xib in Resources */,
				566A616F1B86ADC800BED4E3 /* Images.xcassets in Resources */,
				567114ED1B877E97009EBD3E /* StartViewController.xib in Resources */,
			);
			runOnlyForDeploymentPostprocessing = 0;
		};
		566A61751B86ADC900BED4E3 /* Resources */ = {
			isa = PBXResourcesBuildPhase;
			buildActionMask = 2147483647;
			files = (
			);
			runOnlyForDeploymentPostprocessing = 0;
		};
/* End PBXResourcesBuildPhase section */

/* Begin PBXSourcesBuildPhase section */
		566A615E1B86ADC800BED4E3 /* Sources */ = {
			isa = PBXSourcesBuildPhase;
			buildActionMask = 2147483647;
			files = (
				560E83BA1B8CC218001B0B8C /* NetworkManager.swift in Sources */,
				56E35FD51B87EF5F00D283DC /* String+Extensions.swift in Sources */,
				566A61681B86ADC800BED4E3 /* AppDelegate.swift in Sources */,
				5660CF081B911399001689FE /* NSDate+Extensions.swift in Sources */,
				567114F11B878BC2009EBD3E /* AuthViewController.swift in Sources */,
				560E83B81B88D7BC001B0B8C /* TabBarController.swift in Sources */,
				567114EC1B877E97009EBD3E /* StartViewController.swift in Sources */,
				568848991B8CC68500D8682D /* FeedViewController.swift in Sources */,
				5660CF051B908849001689FE /* PostCell.swift in Sources */,
			);
			runOnlyForDeploymentPostprocessing = 0;
		};
		566A61731B86ADC900BED4E3 /* Sources */ = {
			isa = PBXSourcesBuildPhase;
			buildActionMask = 2147483647;
			files = (
				566A617E1B86ADC900BED4E3 /* InstaCloneTests.swift in Sources */,
			);
			runOnlyForDeploymentPostprocessing = 0;
		};
/* End PBXSourcesBuildPhase section */

/* Begin PBXTargetDependency section */
		566A61791B86ADC900BED4E3 /* PBXTargetDependency */ = {
			isa = PBXTargetDependency;
			target = 566A61611B86ADC800BED4E3 /* InstaClone */;
			targetProxy = 566A61781B86ADC900BED4E3 /* PBXContainerItemProxy */;
		};
/* End PBXTargetDependency section */

/* Begin PBXVariantGroup section */
		566A61701B86ADC900BED4E3 /* LaunchScreen.xib */ = {
			isa = PBXVariantGroup;
			children = (
				566A61711B86ADC900BED4E3 /* Base */,
			);
			name = LaunchScreen.xib;
			path = InstaClone;
			sourceTree = "<group>";
		};
/* End PBXVariantGroup section */

/* Begin XCBuildConfiguration section */
		566A617F1B86ADC900BED4E3 /* Debug */ = {
			isa = XCBuildConfiguration;
			buildSettings = {
				ALWAYS_SEARCH_USER_PATHS = NO;
				CLANG_CXX_LANGUAGE_STANDARD = "gnu++0x";
				CLANG_CXX_LIBRARY = "libc++";
				CLANG_ENABLE_MODULES = YES;
				CLANG_ENABLE_OBJC_ARC = YES;
				CLANG_WARN_BOOL_CONVERSION = YES;
				CLANG_WARN_CONSTANT_CONVERSION = YES;
				CLANG_WARN_DIRECT_OBJC_ISA_USAGE = YES_ERROR;
				CLANG_WARN_EMPTY_BODY = YES;
				CLANG_WARN_ENUM_CONVERSION = YES;
				CLANG_WARN_INT_CONVERSION = YES;
				CLANG_WARN_OBJC_ROOT_CLASS = YES_ERROR;
				CLANG_WARN_UNREACHABLE_CODE = YES;
				CLANG_WARN__DUPLICATE_METHOD_MATCH = YES;
				"CODE_SIGN_IDENTITY[sdk=iphoneos*]" = "iPhone Developer";
				COPY_PHASE_STRIP = NO;
				DEBUG_INFORMATION_FORMAT = "dwarf-with-dsym";
				ENABLE_STRICT_OBJC_MSGSEND = YES;
				GCC_C_LANGUAGE_STANDARD = gnu99;
				GCC_DYNAMIC_NO_PIC = NO;
				GCC_NO_COMMON_BLOCKS = YES;
				GCC_OPTIMIZATION_LEVEL = 0;
				GCC_PREPROCESSOR_DEFINITIONS = (
					"DEBUG=1",
					"$(inherited)",
				);
				GCC_SYMBOLS_PRIVATE_EXTERN = NO;
				GCC_WARN_64_TO_32_BIT_CONVERSION = YES;
				GCC_WARN_ABOUT_RETURN_TYPE = YES_ERROR;
				GCC_WARN_UNDECLARED_SELECTOR = YES;
				GCC_WARN_UNINITIALIZED_AUTOS = YES_AGGRESSIVE;
				GCC_WARN_UNUSED_FUNCTION = YES;
				GCC_WARN_UNUSED_VARIABLE = YES;
				IPHONEOS_DEPLOYMENT_TARGET = 8.4;
				MTL_ENABLE_DEBUG_INFO = YES;
				ONLY_ACTIVE_ARCH = YES;
				SDKROOT = iphoneos;
				SWIFT_OPTIMIZATION_LEVEL = "-Onone";
			};
			name = Debug;
		};
		566A61801B86ADC900BED4E3 /* Release */ = {
			isa = XCBuildConfiguration;
			buildSettings = {
				ALWAYS_SEARCH_USER_PATHS = NO;
				CLANG_CXX_LANGUAGE_STANDARD = "gnu++0x";
				CLANG_CXX_LIBRARY = "libc++";
				CLANG_ENABLE_MODULES = YES;
				CLANG_ENABLE_OBJC_ARC = YES;
				CLANG_WARN_BOOL_CONVERSION = YES;
				CLANG_WARN_CONSTANT_CONVERSION = YES;
				CLANG_WARN_DIRECT_OBJC_ISA_USAGE = YES_ERROR;
				CLANG_WARN_EMPTY_BODY = YES;
				CLANG_WARN_ENUM_CONVERSION = YES;
				CLANG_WARN_INT_CONVERSION = YES;
				CLANG_WARN_OBJC_ROOT_CLASS = YES_ERROR;
				CLANG_WARN_UNREACHABLE_CODE = YES;
				CLANG_WARN__DUPLICATE_METHOD_MATCH = YES;
				"CODE_SIGN_IDENTITY[sdk=iphoneos*]" = "iPhone Developer";
				COPY_PHASE_STRIP = NO;
				DEBUG_INFORMATION_FORMAT = "dwarf-with-dsym";
				ENABLE_NS_ASSERTIONS = NO;
				ENABLE_STRICT_OBJC_MSGSEND = YES;
				GCC_C_LANGUAGE_STANDARD = gnu99;
				GCC_NO_COMMON_BLOCKS = YES;
				GCC_WARN_64_TO_32_BIT_CONVERSION = YES;
				GCC_WARN_ABOUT_RETURN_TYPE = YES_ERROR;
				GCC_WARN_UNDECLARED_SELECTOR = YES;
				GCC_WARN_UNINITIALIZED_AUTOS = YES_AGGRESSIVE;
				GCC_WARN_UNUSED_FUNCTION = YES;
				GCC_WARN_UNUSED_VARIABLE = YES;
				IPHONEOS_DEPLOYMENT_TARGET = 8.4;
				MTL_ENABLE_DEBUG_INFO = NO;
				SDKROOT = iphoneos;
				VALIDATE_PRODUCT = YES;
			};
			name = Release;
		};
		566A61821B86ADC900BED4E3 /* Debug */ = {
			isa = XCBuildConfiguration;
			buildSettings = {
				ASSETCATALOG_COMPILER_APPICON_NAME = AppIcon;
				CLANG_ENABLE_MODULES = YES;
				FRAMEWORK_SEARCH_PATHS = (
					"$(inherited)",
					"/Users/cassiokawakita/Desktop/projects_ios/parse-library-1.8.1",
				);
				INFOPLIST_FILE = InstaClone/Info.plist;
				LD_RUNPATH_SEARCH_PATHS = "$(inherited) @executable_path/Frameworks";
				PRODUCT_NAME = "$(TARGET_NAME)";
				SWIFT_OBJC_BRIDGING_HEADER = "InstaClone/InstaClone-Bridging-Header.h";
				SWIFT_OPTIMIZATION_LEVEL = "-Onone";
			};
			name = Debug;
		};
		566A61831B86ADC900BED4E3 /* Release */ = {
			isa = XCBuildConfiguration;
			buildSettings = {
				ASSETCATALOG_COMPILER_APPICON_NAME = AppIcon;
				CLANG_ENABLE_MODULES = YES;
				FRAMEWORK_SEARCH_PATHS = (
					"$(inherited)",
					"/Users/cassiokawakita/Desktop/projects_ios/parse-library-1.8.1",
				);
				INFOPLIST_FILE = InstaClone/Info.plist;
				LD_RUNPATH_SEARCH_PATHS = "$(inherited) @executable_path/Frameworks";
				PRODUCT_NAME = "$(TARGET_NAME)";
				SWIFT_OBJC_BRIDGING_HEADER = "InstaClone/InstaClone-Bridging-Header.h";
			};
			name = Release;
		};
		566A61851B86ADC900BED4E3 /* Debug */ = {
			isa = XCBuildConfiguration;
			buildSettings = {
				BUNDLE_LOADER = "$(TEST_HOST)";
				FRAMEWORK_SEARCH_PATHS = (
					"$(SDKROOT)/Developer/Library/Frameworks",
					"$(inherited)",
				);
				GCC_PREPROCESSOR_DEFINITIONS = (
					"DEBUG=1",
					"$(inherited)",
				);
				INFOPLIST_FILE = InstaCloneTests/Info.plist;
				LD_RUNPATH_SEARCH_PATHS = "$(inherited) @executable_path/Frameworks @loader_path/Frameworks";
				PRODUCT_NAME = "$(TARGET_NAME)";
				TEST_HOST = "$(BUILT_PRODUCTS_DIR)/InstaClone.app/InstaClone";
			};
			name = Debug;
		};
		566A61861B86ADC900BED4E3 /* Release */ = {
			isa = XCBuildConfiguration;
			buildSettings = {
				BUNDLE_LOADER = "$(TEST_HOST)";
				FRAMEWORK_SEARCH_PATHS = (
					"$(SDKROOT)/Developer/Library/Frameworks",
					"$(inherited)",
				);
				INFOPLIST_FILE = InstaCloneTests/Info.plist;
				LD_RUNPATH_SEARCH_PATHS = "$(inherited) @executable_path/Frameworks @loader_path/Frameworks";
				PRODUCT_NAME = "$(TARGET_NAME)";
				TEST_HOST = "$(BUILT_PRODUCTS_DIR)/InstaClone.app/InstaClone";
			};
			name = Release;
		};
/* End XCBuildConfiguration section */

/* Begin XCConfigurationList section */
		566A615D1B86ADC800BED4E3 /* Build configuration list for PBXProject "InstaClone" */ = {
			isa = XCConfigurationList;
			buildConfigurations = (
				566A617F1B86ADC900BED4E3 /* Debug */,
				566A61801B86ADC900BED4E3 /* Release */,
			);
			defaultConfigurationIsVisible = 0;
			defaultConfigurationName = Release;
		};
		566A61811B86ADC900BED4E3 /* Build configuration list for PBXNativeTarget "InstaClone" */ = {
			isa = XCConfigurationList;
			buildConfigurations = (
				566A61821B86ADC900BED4E3 /* Debug */,
				566A61831B86ADC900BED4E3 /* Release */,
			);
			defaultConfigurationIsVisible = 0;
			defaultConfigurationName = Release;
		};
		566A61841B86ADC900BED4E3 /* Build configuration list for PBXNativeTarget "InstaCloneTests" */ = {
			isa = XCConfigurationList;
			buildConfigurations = (
				566A61851B86ADC900BED4E3 /* Debug */,
				566A61861B86ADC900BED4E3 /* Release */,
			);
			defaultConfigurationIsVisible = 0;
			defaultConfigurationName = Release;
		};
/* End XCConfigurationList section */
	};
	rootObject = 566A615A1B86ADC800BED4E3 /* Project object */;
}
